# Generated by pub
# See https://dart.dev/tools/pub/glossary#lockfile
packages:
  kernel:
    dependency: "direct overridden"
    description:
      path: "pkg/kernel"
      ref: "stable/2.8.1"
      resolved-ref: fbf8bc900b6a66c38923c646bec664bea721f210
      url: "https://github.com/skylerpfli/DartSdkHook.git"
    source: git
    version: "0.0.0"
  meta:
    dependency: "direct overridden"
    description:
      path: "pkg/meta"
      ref: "stable/2.8.1"
      resolved-ref: fbf8bc900b6a66c38923c646bec664bea721f210
      url: "https://github.com/skylerpfli/DartSdkHook.git"
    source: git
    version: "1.7.1-dev"
sdks:
  dart: ">=2.3.0-dev.68.0 <3.0.0"
