# Generated by pub
# See https://dart.dev/tools/pub/glossary#lockfile
packages:
  kernel:
    dependency: "direct overridden"
    description:
      path: "pkg/kernel"
      ref: "stable/2.2.0"
      resolved-ref: "143a5e426ad86a67d2d8e3b8b90c38ffc2fea1f3"
      url: "https://github.com/skylerpfli/DartSdkHook.git"
    source: git
    version: "0.0.0"
  meta:
    dependency: "direct overridden"
    description:
      path: "pkg/meta"
      ref: "stable/2.2.0"
      resolved-ref: "143a5e426ad86a67d2d8e3b8b90c38ffc2fea1f3"
      url: "https://github.com/skylerpfli/DartSdkHook.git"
    source: git
    version: "1.3.0"
sdks:
  dart: ">=2.3.0-dev.68.0 <3.0.0"
