# Generated by pub
# See https://dart.dev/tools/pub/glossary#lockfile
packages:
  kernel:
    dependency: "direct overridden"
    description:
      path: "pkg/kernel"
      ref: "stable/3.3.1"
      resolved-ref: c273b832a8bcd5d51287a66ccbd947f5c721577b
      url: "https://github.com/skylerpfli/DartSdkHook.git"
    source: git
    version: "0.0.0"
  meta:
    dependency: "direct overridden"
    description:
      path: "pkg/meta"
      ref: "stable/3.3.1"
      resolved-ref: c273b832a8bcd5d51287a66ccbd947f5c721577b
      url: "https://github.com/skylerpfli/DartSdkHook.git"
    source: git
    version: "1.8.0"
sdks:
  dart: ">=2.3.0-dev.68.0 <3.0.0"
